// !$*UTF8*$!
{
	archiveVersion = 1;
	classes = {
	};
	objectVersion = 46;
	objects = {

/* Begin PBXBuildFile section */
		2591929A19ED7B42008FCADA /* libsqlite3.dylib in Frameworks */ = {isa = PBXBuildFile; fileRef = 2591929919ED7B42008FCADA /* libsqlite3.dylib */; };
		2591929C19ED7B50008FCADA /* libz.dylib in Frameworks */ = {isa = PBXBuildFile; fileRef = 2591929B19ED7B50008FCADA /* libz.dylib */; };
		2591929E19ED7B57008FCADA /* SystemConfiguration.framework in Frameworks */ = {isa = PBXBuildFile; fileRef = 2591929D19ED7B57008FCADA /* SystemConfiguration.framework */; };
		259192A019ED7B5C008FCADA /* CoreData.framework in Frameworks */ = {isa = PBXBuildFile; fileRef = 2591929F19ED7B5C008FCADA /* CoreData.framework */; };
		259192A219ED7B61008FCADA /* AdSupport.framework in Frameworks */ = {isa = PBXBuildFile; fileRef = 259192A119ED7B61008FCADA /* AdSupport.framework */; };
		259192A419ED7B65008FCADA /* MessageUI.framework in Frameworks */ = {isa = PBXBuildFile; fileRef = 259192A319ED7B65008FCADA /* MessageUI.framework */; };
		259192B319ED7C49008FCADA /* libGoogleAnalyticsServices.a in Frameworks */ = {isa = PBXBuildFile; fileRef = 259192B219ED7C49008FCADA /* libGoogleAnalyticsServices.a */; };
		849BE15219EB5AF100A42C1C /* main.m in Sources */ = {isa = PBXBuildFile; fileRef = 849BE15119EB5AF100A42C1C /* main.m */; };
		849BE15519EB5AF100A42C1C /* AppDelegate.m in Sources */ = {isa = PBXBuildFile; fileRef = 849BE15419EB5AF100A42C1C /* AppDelegate.m */; };
		849BE15819EB5AF100A42C1C /* MainViewController.m in Sources */ = {isa = PBXBuildFile; fileRef = 849BE15719EB5AF100A42C1C /* MainViewController.m */; };
		849BE15B19EB5AF100A42C1C /* Main.storyboard in Resources */ = {isa = PBXBuildFile; fileRef = 849BE15919EB5AF100A42C1C /* Main.storyboard */; };
		849BE15D19EB5AF100A42C1C /* Images.xcassets in Resources */ = {isa = PBXBuildFile; fileRef = 849BE15C19EB5AF100A42C1C /* Images.xcassets */; };
		849BE16019EB5AF100A42C1C /* LaunchScreen.xib in Resources */ = {isa = PBXBuildFile; fileRef = 849BE15E19EB5AF100A42C1C /* LaunchScreen.xib */; };
		849BE16C19EB5AF100A42C1C /* Yap_HangulTests.m in Sources */ = {isa = PBXBuildFile; fileRef = 849BE16B19EB5AF100A42C1C /* Yap_HangulTests.m */; };
		849BE19919EB5B7C00A42C1C /* easing.c in Sources */ = {isa = PBXBuildFile; fileRef = 849BE17719EB5B7C00A42C1C /* easing.c */; };
		849BE19A19EB5B7C00A42C1C /* UIView+EasingFunctions.m in Sources */ = {isa = PBXBuildFile; fileRef = 849BE17B19EB5B7C00A42C1C /* UIView+EasingFunctions.m */; };
		849BE19B19EB5B7C00A42C1C /* HangulConverter.m in Sources */ = {isa = PBXBuildFile; fileRef = 849BE17E19EB5B7C00A42C1C /* HangulConverter.m */; };
		849BE19C19EB5B7C00A42C1C /* NanumGothic.otf in Resources */ = {isa = PBXBuildFile; fileRef = 849BE18019EB5B7C00A42C1C /* NanumGothic.otf */; };
		849BE19D19EB5B7C00A42C1C /* NanumGothicBold.otf in Resources */ = {isa = PBXBuildFile; fileRef = 849BE18119EB5B7C00A42C1C /* NanumGothicBold.otf */; };
		849BE19E19EB5B7C00A42C1C /* NanumGothicExtraBold.otf in Resources */ = {isa = PBXBuildFile; fileRef = 849BE18219EB5B7C00A42C1C /* NanumGothicExtraBold.otf */; };
		849BE19F19EB5B7C00A42C1C /* NanumGothicLight.otf in Resources */ = {isa = PBXBuildFile; fileRef = 849BE18319EB5B7C00A42C1C /* NanumGothicLight.otf */; };
		849BE1A019EB5B7C00A42C1C /* NSDate+Compare.m in Sources */ = {isa = PBXBuildFile; fileRef = 849BE18819EB5B7C00A42C1C /* NSDate+Compare.m */; };
		849BE1A119EB5B7C00A42C1C /* NSDate+Components.m in Sources */ = {isa = PBXBuildFile; fileRef = 849BE18A19EB5B7C00A42C1C /* NSDate+Components.m */; };
		849BE1A219EB5B7C00A42C1C /* NSDate+DateTime.m in Sources */ = {isa = PBXBuildFile; fileRef = 849BE18C19EB5B7C00A42C1C /* NSDate+DateTime.m */; };
		849BE1A319EB5B7C00A42C1C /* NSDate+Day.m in Sources */ = {isa = PBXBuildFile; fileRef = 849BE18E19EB5B7C00A42C1C /* NSDate+Day.m */; };
		849BE1A419EB5B7C00A42C1C /* NSDate+Month.m in Sources */ = {isa = PBXBuildFile; fileRef = 849BE19019EB5B7C00A42C1C /* NSDate+Month.m */; };
		849BE1A519EB5B7C00A42C1C /* NSDate+Time.m in Sources */ = {isa = PBXBuildFile; fileRef = 849BE19219EB5B7C00A42C1C /* NSDate+Time.m */; };
		849BE1A619EB5B7C00A42C1C /* NSDate+Week.m in Sources */ = {isa = PBXBuildFile; fileRef = 849BE19419EB5B7C00A42C1C /* NSDate+Week.m */; };
		849BE1A719EB5B7C00A42C1C /* NSDate+Year.m in Sources */ = {isa = PBXBuildFile; fileRef = 849BE19619EB5B7C00A42C1C /* NSDate+Year.m */; };
		849BE1A819EB5B7C00A42C1C /* TimeEngine.m in Sources */ = {isa = PBXBuildFile; fileRef = 849BE19819EB5B7C00A42C1C /* TimeEngine.m */; };
		849BE1AC19EB5B9400A42C1C /* MenuView.m in Sources */ = {isa = PBXBuildFile; fileRef = 849BE1AB19EB5B9400A42C1C /* MenuView.m */; };
		849BE1B019EB5BA100A42C1C /* MenuSettingView.m in Sources */ = {isa = PBXBuildFile; fileRef = 849BE1AF19EB5BA100A42C1C /* MenuSettingView.m */; };
		849BE1B419EB5BAD00A42C1C /* RoationController.m in Sources */ = {isa = PBXBuildFile; fileRef = 849BE1B319EB5BAD00A42C1C /* RoationController.m */; };
		849BE1BC19EB5BBA00A42C1C /* UIEffectLabel.m in Sources */ = {isa = PBXBuildFile; fileRef = 849BE1B719EB5BBA00A42C1C /* UIEffectLabel.m */; };
		849BE1BD19EB5BBA00A42C1C /* FWLabelView.m in Sources */ = {isa = PBXBuildFile; fileRef = 849BE1B919EB5BBA00A42C1C /* FWLabelView.m */; };
		849BE1BE19EB5BBA00A42C1C /* AMLabelView.m in Sources */ = {isa = PBXBuildFile; fileRef = 849BE1BB19EB5BBA00A42C1C /* AMLabelView.m */; };
		849BE1C219EB5BC800A42C1C /* OptionController.m in Sources */ = {isa = PBXBuildFile; fileRef = 849BE1C119EB5BC800A42C1C /* OptionController.m */; };
		849BE1C719EB665200A42C1C /* MainTouchView.m in Sources */ = {isa = PBXBuildFile; fileRef = 849BE1C619EB665200A42C1C /* MainTouchView.m */; };
		849BE1C819EB665200A42C1C /* MainTouchView.m in Sources */ = {isa = PBXBuildFile; fileRef = 849BE1C619EB665200A42C1C /* MainTouchView.m */; };
		849BE37719ECC63300A42C1C /* MenuButtonView.m in Sources */ = {isa = PBXBuildFile; fileRef = 849BE37619ECC63300A42C1C /* MenuButtonView.m */; };
		849BE37819ECC63300A42C1C /* MenuButtonView.m in Sources */ = {isa = PBXBuildFile; fileRef = 849BE37619ECC63300A42C1C /* MenuButtonView.m */; };
/* End PBXBuildFile section */

/* Begin PBXContainerItemProxy section */
		849BE16619EB5AF100A42C1C /* PBXContainerItemProxy */ = {
			isa = PBXContainerItemProxy;
			containerPortal = 849BE14419EB5AF100A42C1C /* Project object */;
			proxyType = 1;
			remoteGlobalIDString = 849BE14B19EB5AF100A42C1C;
			remoteInfo = Yap_Hangul;
		};
/* End PBXContainerItemProxy section */

/* Begin PBXFileReference section */
		2591929919ED7B42008FCADA /* libsqlite3.dylib */ = {isa = PBXFileReference; lastKnownFileType = "compiled.mach-o.dylib"; name = libsqlite3.dylib; path = usr/lib/libsqlite3.dylib; sourceTree = SDKROOT; };
		2591929B19ED7B50008FCADA /* libz.dylib */ = {isa = PBXFileReference; lastKnownFileType = "compiled.mach-o.dylib"; name = libz.dylib; path = usr/lib/libz.dylib; sourceTree = SDKROOT; };
		2591929D19ED7B57008FCADA /* SystemConfiguration.framework */ = {isa = PBXFileReference; lastKnownFileType = wrapper.framework; name = SystemConfiguration.framework; path = System/Library/Frameworks/SystemConfiguration.framework; sourceTree = SDKROOT; };
		2591929F19ED7B5C008FCADA /* CoreData.framework */ = {isa = PBXFileReference; lastKnownFileType = wrapper.framework; name = CoreData.framework; path = System/Library/Frameworks/CoreData.framework; sourceTree = SDKROOT; };
		259192A119ED7B61008FCADA /* AdSupport.framework */ = {isa = PBXFileReference; lastKnownFileType = wrapper.framework; name = AdSupport.framework; path = System/Library/Frameworks/AdSupport.framework; sourceTree = SDKROOT; };
		259192A319ED7B65008FCADA /* MessageUI.framework */ = {isa = PBXFileReference; lastKnownFileType = wrapper.framework; name = MessageUI.framework; path = System/Library/Frameworks/MessageUI.framework; sourceTree = SDKROOT; };
		259192A819ED7C49008FCADA /* GAI.h */ = {isa = PBXFileReference; fileEncoding = 4; lastKnownFileType = sourcecode.c.h; path = GAI.h; sourceTree = "<group>"; };
		259192A919ED7C49008FCADA /* GAIDictionaryBuilder.h */ = {isa = PBXFileReference; fileEncoding = 4; lastKnownFileType = sourcecode.c.h; path = GAIDictionaryBuilder.h; sourceTree = "<group>"; };
		259192AA19ED7C49008FCADA /* GAIEcommerceFields.h */ = {isa = PBXFileReference; fileEncoding = 4; lastKnownFileType = sourcecode.c.h; path = GAIEcommerceFields.h; sourceTree = "<group>"; };
		259192AB19ED7C49008FCADA /* GAIEcommerceProduct.h */ = {isa = PBXFileReference; fileEncoding = 4; lastKnownFileType = sourcecode.c.h; path = GAIEcommerceProduct.h; sourceTree = "<group>"; };
		259192AC19ED7C49008FCADA /* GAIEcommerceProductAction.h */ = {isa = PBXFileReference; fileEncoding = 4; lastKnownFileType = sourcecode.c.h; path = GAIEcommerceProductAction.h; sourceTree = "<group>"; };
		259192AD19ED7C49008FCADA /* GAIEcommercePromotion.h */ = {isa = PBXFileReference; fileEncoding = 4; lastKnownFileType = sourcecode.c.h; path = GAIEcommercePromotion.h; sourceTree = "<group>"; };
		259192AE19ED7C49008FCADA /* GAIFields.h */ = {isa = PBXFileReference; fileEncoding = 4; lastKnownFileType = sourcecode.c.h; path = GAIFields.h; sourceTree = "<group>"; };
		259192AF19ED7C49008FCADA /* GAILogger.h */ = {isa = PBXFileReference; fileEncoding = 4; lastKnownFileType = sourcecode.c.h; path = GAILogger.h; sourceTree = "<group>"; };
		259192B019ED7C49008FCADA /* GAITrackedViewController.h */ = {isa = PBXFileReference; fileEncoding = 4; lastKnownFileType = sourcecode.c.h; path = GAITrackedViewController.h; sourceTree = "<group>"; };
		259192B119ED7C49008FCADA /* GAITracker.h */ = {isa = PBXFileReference; fileEncoding = 4; lastKnownFileType = sourcecode.c.h; path = GAITracker.h; sourceTree = "<group>"; };
		259192B219ED7C49008FCADA /* libGoogleAnalyticsServices.a */ = {isa = PBXFileReference; lastKnownFileType = archive.ar; path = libGoogleAnalyticsServices.a; sourceTree = "<group>"; };
		849BE14C19EB5AF100A42C1C /* Yap_Hangul5.app */ = {isa = PBXFileReference; explicitFileType = wrapper.application; includeInIndex = 0; path = Yap_Hangul5.app; sourceTree = BUILT_PRODUCTS_DIR; };
		849BE15019EB5AF100A42C1C /* Info.plist */ = {isa = PBXFileReference; lastKnownFileType = text.plist.xml; path = Info.plist; sourceTree = "<group>"; };
		849BE15119EB5AF100A42C1C /* main.m */ = {isa = PBXFileReference; lastKnownFileType = sourcecode.c.objc; path = main.m; sourceTree = "<group>"; };
		849BE15319EB5AF100A42C1C /* AppDelegate.h */ = {isa = PBXFileReference; lastKnownFileType = sourcecode.c.h; path = AppDelegate.h; sourceTree = "<group>"; };
		849BE15419EB5AF100A42C1C /* AppDelegate.m */ = {isa = PBXFileReference; lastKnownFileType = sourcecode.c.objc; path = AppDelegate.m; sourceTree = "<group>"; };
		849BE15619EB5AF100A42C1C /* MainViewController.h */ = {isa = PBXFileReference; lastKnownFileType = sourcecode.c.h; path = MainViewController.h; sourceTree = "<group>"; };
		849BE15719EB5AF100A42C1C /* MainViewController.m */ = {isa = PBXFileReference; lastKnownFileType = sourcecode.c.objc; path = MainViewController.m; sourceTree = "<group>"; };
		849BE15A19EB5AF100A42C1C /* Base */ = {isa = PBXFileReference; lastKnownFileType = file.storyboard; name = Base; path = Base.lproj/Main.storyboard; sourceTree = "<group>"; };
		849BE15C19EB5AF100A42C1C /* Images.xcassets */ = {isa = PBXFileReference; lastKnownFileType = folder.assetcatalog; path = Images.xcassets; sourceTree = "<group>"; };
		849BE15F19EB5AF100A42C1C /* Base */ = {isa = PBXFileReference; lastKnownFileType = file.xib; name = Base; path = Base.lproj/LaunchScreen.xib; sourceTree = "<group>"; };
		849BE16519EB5AF100A42C1C /* Yap_HangulTests.xctest */ = {isa = PBXFileReference; explicitFileType = wrapper.cfbundle; includeInIndex = 0; path = Yap_HangulTests.xctest; sourceTree = BUILT_PRODUCTS_DIR; };
		849BE16A19EB5AF100A42C1C /* Info.plist */ = {isa = PBXFileReference; lastKnownFileType = text.plist.xml; path = Info.plist; sourceTree = "<group>"; };
		849BE16B19EB5AF100A42C1C /* Yap_HangulTests.m */ = {isa = PBXFileReference; lastKnownFileType = sourcecode.c.objc; path = Yap_HangulTests.m; sourceTree = "<group>"; };
		849BE17719EB5B7C00A42C1C /* easing.c */ = {isa = PBXFileReference; fileEncoding = 4; lastKnownFileType = sourcecode.c.c; path = easing.c; sourceTree = "<group>"; };
		849BE17819EB5B7C00A42C1C /* easing.h */ = {isa = PBXFileReference; fileEncoding = 4; lastKnownFileType = sourcecode.c.h; path = easing.h; sourceTree = "<group>"; };
		849BE17A19EB5B7C00A42C1C /* UIView+EasingFunctions.h */ = {isa = PBXFileReference; fileEncoding = 4; lastKnownFileType = sourcecode.c.h; path = "UIView+EasingFunctions.h"; sourceTree = "<group>"; };
		849BE17B19EB5B7C00A42C1C /* UIView+EasingFunctions.m */ = {isa = PBXFileReference; fileEncoding = 4; lastKnownFileType = sourcecode.c.objc; path = "UIView+EasingFunctions.m"; sourceTree = "<group>"; };
		849BE17D19EB5B7C00A42C1C /* HangulConverter.h */ = {isa = PBXFileReference; fileEncoding = 4; lastKnownFileType = sourcecode.c.h; path = HangulConverter.h; sourceTree = "<group>"; };
		849BE17E19EB5B7C00A42C1C /* HangulConverter.m */ = {isa = PBXFileReference; fileEncoding = 4; lastKnownFileType = sourcecode.c.objc; path = HangulConverter.m; sourceTree = "<group>"; };
		849BE18019EB5B7C00A42C1C /* NanumGothic.otf */ = {isa = PBXFileReference; lastKnownFileType = file; path = NanumGothic.otf; sourceTree = "<group>"; };
		849BE18119EB5B7C00A42C1C /* NanumGothicBold.otf */ = {isa = PBXFileReference; lastKnownFileType = file; path = NanumGothicBold.otf; sourceTree = "<group>"; };
		849BE18219EB5B7C00A42C1C /* NanumGothicExtraBold.otf */ = {isa = PBXFileReference; lastKnownFileType = file; path = NanumGothicExtraBold.otf; sourceTree = "<group>"; };
		849BE18319EB5B7C00A42C1C /* NanumGothicLight.otf */ = {isa = PBXFileReference; lastKnownFileType = file; path = NanumGothicLight.otf; sourceTree = "<group>"; };
		849BE18619EB5B7C00A42C1C /* NSDate+Calendar.h */ = {isa = PBXFileReference; fileEncoding = 4; lastKnownFileType = sourcecode.c.h; path = "NSDate+Calendar.h"; sourceTree = "<group>"; };
		849BE18719EB5B7C00A42C1C /* NSDate+Compare.h */ = {isa = PBXFileReference; fileEncoding = 4; lastKnownFileType = sourcecode.c.h; path = "NSDate+Compare.h"; sourceTree = "<group>"; };
		849BE18819EB5B7C00A42C1C /* NSDate+Compare.m */ = {isa = PBXFileReference; fileEncoding = 4; lastKnownFileType = sourcecode.c.objc; path = "NSDate+Compare.m"; sourceTree = "<group>"; };
		849BE18919EB5B7C00A42C1C /* NSDate+Components.h */ = {isa = PBXFileReference; fileEncoding = 4; lastKnownFileType = sourcecode.c.h; path = "NSDate+Components.h"; sourceTree = "<group>"; };
		849BE18A19EB5B7C00A42C1C /* NSDate+Components.m */ = {isa = PBXFileReference; fileEncoding = 4; lastKnownFileType = sourcecode.c.objc; path = "NSDate+Components.m"; sourceTree = "<group>"; };
		849BE18B19EB5B7C00A42C1C /* NSDate+DateTime.h */ = {isa = PBXFileReference; fileEncoding = 4; lastKnownFileType = sourcecode.c.h; path = "NSDate+DateTime.h"; sourceTree = "<group>"; };
		849BE18C19EB5B7C00A42C1C /* NSDate+DateTime.m */ = {isa = PBXFileReference; fileEncoding = 4; lastKnownFileType = sourcecode.c.objc; path = "NSDate+DateTime.m"; sourceTree = "<group>"; };
		849BE18D19EB5B7C00A42C1C /* NSDate+Day.h */ = {isa = PBXFileReference; fileEncoding = 4; lastKnownFileType = sourcecode.c.h; path = "NSDate+Day.h"; sourceTree = "<group>"; };
		849BE18E19EB5B7C00A42C1C /* NSDate+Day.m */ = {isa = PBXFileReference; fileEncoding = 4; lastKnownFileType = sourcecode.c.objc; path = "NSDate+Day.m"; sourceTree = "<group>"; };
		849BE18F19EB5B7C00A42C1C /* NSDate+Month.h */ = {isa = PBXFileReference; fileEncoding = 4; lastKnownFileType = sourcecode.c.h; path = "NSDate+Month.h"; sourceTree = "<group>"; };
		849BE19019EB5B7C00A42C1C /* NSDate+Month.m */ = {isa = PBXFileReference; fileEncoding = 4; lastKnownFileType = sourcecode.c.objc; path = "NSDate+Month.m"; sourceTree = "<group>"; };
		849BE19119EB5B7C00A42C1C /* NSDate+Time.h */ = {isa = PBXFileReference; fileEncoding = 4; lastKnownFileType = sourcecode.c.h; path = "NSDate+Time.h"; sourceTree = "<group>"; };
		849BE19219EB5B7C00A42C1C /* NSDate+Time.m */ = {isa = PBXFileReference; fileEncoding = 4; lastKnownFileType = sourcecode.c.objc; path = "NSDate+Time.m"; sourceTree = "<group>"; };
		849BE19319EB5B7C00A42C1C /* NSDate+Week.h */ = {isa = PBXFileReference; fileEncoding = 4; lastKnownFileType = sourcecode.c.h; path = "NSDate+Week.h"; sourceTree = "<group>"; };
		849BE19419EB5B7C00A42C1C /* NSDate+Week.m */ = {isa = PBXFileReference; fileEncoding = 4; lastKnownFileType = sourcecode.c.objc; path = "NSDate+Week.m"; sourceTree = "<group>"; };
		849BE19519EB5B7C00A42C1C /* NSDate+Year.h */ = {isa = PBXFileReference; fileEncoding = 4; lastKnownFileType = sourcecode.c.h; path = "NSDate+Year.h"; sourceTree = "<group>"; };
		849BE19619EB5B7C00A42C1C /* NSDate+Year.m */ = {isa = PBXFileReference; fileEncoding = 4; lastKnownFileType = sourcecode.c.objc; path = "NSDate+Year.m"; sourceTree = "<group>"; };
		849BE19719EB5B7C00A42C1C /* TimeEngine.h */ = {isa = PBXFileReference; fileEncoding = 4; lastKnownFileType = sourcecode.c.h; path = TimeEngine.h; sourceTree = "<group>"; };
		849BE19819EB5B7C00A42C1C /* TimeEngine.m */ = {isa = PBXFileReference; fileEncoding = 4; lastKnownFileType = sourcecode.c.objc; path = TimeEngine.m; sourceTree = "<group>"; };
		849BE1AA19EB5B9400A42C1C /* MenuView.h */ = {isa = PBXFileReference; fileEncoding = 4; lastKnownFileType = sourcecode.c.h; path = MenuView.h; sourceTree = "<group>"; };
		849BE1AB19EB5B9400A42C1C /* MenuView.m */ = {isa = PBXFileReference; fileEncoding = 4; lastKnownFileType = sourcecode.c.objc; path = MenuView.m; sourceTree = "<group>"; };
		849BE1AE19EB5BA100A42C1C /* MenuSettingView.h */ = {isa = PBXFileReference; fileEncoding = 4; lastKnownFileType = sourcecode.c.h; path = MenuSettingView.h; sourceTree = "<group>"; };
		849BE1AF19EB5BA100A42C1C /* MenuSettingView.m */ = {isa = PBXFileReference; fileEncoding = 4; lastKnownFileType = sourcecode.c.objc; path = MenuSettingView.m; sourceTree = "<group>"; };
		849BE1B219EB5BAD00A42C1C /* RoationController.h */ = {isa = PBXFileReference; fileEncoding = 4; lastKnownFileType = sourcecode.c.h; path = RoationController.h; sourceTree = "<group>"; };
		849BE1B319EB5BAD00A42C1C /* RoationController.m */ = {isa = PBXFileReference; fileEncoding = 4; lastKnownFileType = sourcecode.c.objc; path = RoationController.m; sourceTree = "<group>"; };
		849BE1B619EB5BBA00A42C1C /* UIEffectLabel.h */ = {isa = PBXFileReference; fileEncoding = 4; lastKnownFileType = sourcecode.c.h; path = UIEffectLabel.h; sourceTree = "<group>"; };
		849BE1B719EB5BBA00A42C1C /* UIEffectLabel.m */ = {isa = PBXFileReference; fileEncoding = 4; lastKnownFileType = sourcecode.c.objc; path = UIEffectLabel.m; sourceTree = "<group>"; };
		849BE1B819EB5BBA00A42C1C /* FWLabelView.h */ = {isa = PBXFileReference; fileEncoding = 4; lastKnownFileType = sourcecode.c.h; path = FWLabelView.h; sourceTree = "<group>"; };
		849BE1B919EB5BBA00A42C1C /* FWLabelView.m */ = {isa = PBXFileReference; fileEncoding = 4; lastKnownFileType = sourcecode.c.objc; path = FWLabelView.m; sourceTree = "<group>"; };
		849BE1BA19EB5BBA00A42C1C /* AMLabelView.h */ = {isa = PBXFileReference; fileEncoding = 4; lastKnownFileType = sourcecode.c.h; path = AMLabelView.h; sourceTree = "<group>"; };
		849BE1BB19EB5BBA00A42C1C /* AMLabelView.m */ = {isa = PBXFileReference; fileEncoding = 4; lastKnownFileType = sourcecode.c.objc; path = AMLabelView.m; sourceTree = "<group>"; };
		849BE1C019EB5BC800A42C1C /* OptionController.h */ = {isa = PBXFileReference; fileEncoding = 4; lastKnownFileType = sourcecode.c.h; path = OptionController.h; sourceTree = "<group>"; };
		849BE1C119EB5BC800A42C1C /* OptionController.m */ = {isa = PBXFileReference; fileEncoding = 4; lastKnownFileType = sourcecode.c.objc; path = OptionController.m; sourceTree = "<group>"; };
		849BE1C319EB5BDA00A42C1C /* Prefix.pch */ = {isa = PBXFileReference; fileEncoding = 4; lastKnownFileType = sourcecode.c.h; path = Prefix.pch; sourceTree = "<group>"; };
		849BE1C519EB665200A42C1C /* MainTouchView.h */ = {isa = PBXFileReference; fileEncoding = 4; lastKnownFileType = sourcecode.c.h; path = MainTouchView.h; sourceTree = "<group>"; };
		849BE1C619EB665200A42C1C /* MainTouchView.m */ = {isa = PBXFileReference; fileEncoding = 4; lastKnownFileType = sourcecode.c.objc; path = MainTouchView.m; sourceTree = "<group>"; };
		849BE37519ECC63300A42C1C /* MenuButtonView.h */ = {isa = PBXFileReference; fileEncoding = 4; lastKnownFileType = sourcecode.c.h; path = MenuButtonView.h; sourceTree = "<group>"; };
		849BE37619ECC63300A42C1C /* MenuButtonView.m */ = {isa = PBXFileReference; fileEncoding = 4; lastKnownFileType = sourcecode.c.objc; path = MenuButtonView.m; sourceTree = "<group>"; };
/* End PBXFileReference section */

/* Begin PBXFrameworksBuildPhase section */
		849BE14919EB5AF100A42C1C /* Frameworks */ = {
			isa = PBXFrameworksBuildPhase;
			buildActionMask = 2147483647;
			files = (
				259192A419ED7B65008FCADA /* MessageUI.framework in Frameworks */,
				259192A219ED7B61008FCADA /* AdSupport.framework in Frameworks */,
				259192A019ED7B5C008FCADA /* CoreData.framework in Frameworks */,
				259192B319ED7C49008FCADA /* libGoogleAnalyticsServices.a in Frameworks */,
				2591929E19ED7B57008FCADA /* SystemConfiguration.framework in Frameworks */,
				2591929C19ED7B50008FCADA /* libz.dylib in Frameworks */,
				2591929A19ED7B42008FCADA /* libsqlite3.dylib in Frameworks */,
			);
			runOnlyForDeploymentPostprocessing = 0;
		};
		849BE16219EB5AF100A42C1C /* Frameworks */ = {
			isa = PBXFrameworksBuildPhase;
			buildActionMask = 2147483647;
			files = (
			);
			runOnlyForDeploymentPostprocessing = 0;
		};
/* End PBXFrameworksBuildPhase section */

/* Begin PBXGroup section */
		259192A719ED7C49008FCADA /* GoogleAnalytics */ = {
			isa = PBXGroup;
			children = (
				259192A819ED7C49008FCADA /* GAI.h */,
				259192A919ED7C49008FCADA /* GAIDictionaryBuilder.h */,
				259192AA19ED7C49008FCADA /* GAIEcommerceFields.h */,
				259192AB19ED7C49008FCADA /* GAIEcommerceProduct.h */,
				259192AC19ED7C49008FCADA /* GAIEcommerceProductAction.h */,
				259192AD19ED7C49008FCADA /* GAIEcommercePromotion.h */,
				259192AE19ED7C49008FCADA /* GAIFields.h */,
				259192AF19ED7C49008FCADA /* GAILogger.h */,
				259192B019ED7C49008FCADA /* GAITrackedViewController.h */,
				259192B119ED7C49008FCADA /* GAITracker.h */,
				259192B219ED7C49008FCADA /* libGoogleAnalyticsServices.a */,
			);
			path = GoogleAnalytics;
			sourceTree = "<group>";
		};
		55D86FA91BC6E66000982D92 /* Font */ = {
			isa = PBXGroup;
			children = (
				849BE17F19EB5B7C00A42C1C /* NanumFont */,
			);
			name = Font;
			path = NanumFont;
			sourceTree = "<group>";
		};
		849BE14319EB5AF100A42C1C = {
			isa = PBXGroup;
			children = (
				849BE14E19EB5AF100A42C1C /* Yap_Hangul */,
				849BE16819EB5AF100A42C1C /* Yap_HangulTests */,
				849BE14D19EB5AF100A42C1C /* Products */,
			);
			sourceTree = "<group>";
		};
		849BE14D19EB5AF100A42C1C /* Products */ = {
			isa = PBXGroup;
			children = (
				849BE14C19EB5AF100A42C1C /* Yap_Hangul5.app */,
				849BE16519EB5AF100A42C1C /* Yap_HangulTests.xctest */,
			);
			name = Products;
			sourceTree = "<group>";
		};
		849BE14E19EB5AF100A42C1C /* Yap_Hangul */ = {
			isa = PBXGroup;
			children = (
				849BE15C19EB5AF100A42C1C /* Images.xcassets */,
				849BE15319EB5AF100A42C1C /* AppDelegate.h */,
				849BE15419EB5AF100A42C1C /* AppDelegate.m */,
				849BE15619EB5AF100A42C1C /* MainViewController.h */,
				849BE15719EB5AF100A42C1C /* MainViewController.m */,
				849BE15919EB5AF100A42C1C /* Main.storyboard */,
				849BE1C419EB664500A42C1C /* MainTouchView */,
				849BE1A919EB5B8C00A42C1C /* 메뉴 뷰 */,
				849BE1B119EB5BA600A42C1C /* RoationController */,
				849BE1B519EB5BB200A42C1C /* EffectLabel */,
				849BE1BF19EB5BBF00A42C1C /* OptionController */,
				849BE17519EB5B7C00A42C1C /* Extern */,
				849BE17C19EB5B7C00A42C1C /* HangulConverter */,
				55D86FA91BC6E66000982D92 /* Font */,
				849BE18419EB5B7C00A42C1C /* TimeEngine */,
				849BE15E19EB5AF100A42C1C /* LaunchScreen.xib */,
				849BE14F19EB5AF100A42C1C /* Supporting Files */,
			);
			path = Yap_Hangul;
			sourceTree = "<group>";
		};
		849BE14F19EB5AF100A42C1C /* Supporting Files */ = {
			isa = PBXGroup;
			children = (
				849BE15019EB5AF100A42C1C /* Info.plist */,
				849BE15119EB5AF100A42C1C /* main.m */,
				849BE1C319EB5BDA00A42C1C /* Prefix.pch */,
			);
			name = "Supporting Files";
			sourceTree = "<group>";
		};
		849BE16819EB5AF100A42C1C /* Yap_HangulTests */ = {
			isa = PBXGroup;
			children = (
				849BE16B19EB5AF100A42C1C /* Yap_HangulTests.m */,
				849BE16919EB5AF100A42C1C /* Supporting Files */,
			);
			path = Yap_HangulTests;
			sourceTree = "<group>";
		};
		849BE16919EB5AF100A42C1C /* Supporting Files */ = {
			isa = PBXGroup;
			children = (
				259192A319ED7B65008FCADA /* MessageUI.framework */,
				259192A119ED7B61008FCADA /* AdSupport.framework */,
				2591929F19ED7B5C008FCADA /* CoreData.framework */,
				2591929D19ED7B57008FCADA /* SystemConfiguration.framework */,
				2591929B19ED7B50008FCADA /* libz.dylib */,
				2591929919ED7B42008FCADA /* libsqlite3.dylib */,
				849BE16A19EB5AF100A42C1C /* Info.plist */,
			);
			name = "Supporting Files";
			sourceTree = "<group>";
		};
		849BE17519EB5B7C00A42C1C /* Extern */ = {
			isa = PBXGroup;
			children = (
				259192A719ED7C49008FCADA /* GoogleAnalytics */,
				849BE17619EB5B7C00A42C1C /* AHEasing */,
				849BE17919EB5B7C00A42C1C /* UIView+EasingFunctions */,
			);
			path = Extern;
			sourceTree = "<group>";
		};
		849BE17619EB5B7C00A42C1C /* AHEasing */ = {
			isa = PBXGroup;
			children = (
				849BE17719EB5B7C00A42C1C /* easing.c */,
				849BE17819EB5B7C00A42C1C /* easing.h */,
			);
			path = AHEasing;
			sourceTree = "<group>";
		};
		849BE17919EB5B7C00A42C1C /* UIView+EasingFunctions */ = {
			isa = PBXGroup;
			children = (
				849BE17A19EB5B7C00A42C1C /* UIView+EasingFunctions.h */,
				849BE17B19EB5B7C00A42C1C /* UIView+EasingFunctions.m */,
			);
			path = "UIView+EasingFunctions";
			sourceTree = "<group>";
		};
		849BE17C19EB5B7C00A42C1C /* HangulConverter */ = {
			isa = PBXGroup;
			children = (
				849BE17D19EB5B7C00A42C1C /* HangulConverter.h */,
				849BE17E19EB5B7C00A42C1C /* HangulConverter.m */,
			);
			path = HangulConverter;
			sourceTree = "<group>";
		};
		849BE17F19EB5B7C00A42C1C /* NanumFont */ = {
			isa = PBXGroup;
			children = (
				849BE18019EB5B7C00A42C1C /* NanumGothic.otf */,
				849BE18119EB5B7C00A42C1C /* NanumGothicBold.otf */,
				849BE18219EB5B7C00A42C1C /* NanumGothicExtraBold.otf */,
				849BE18319EB5B7C00A42C1C /* NanumGothicLight.otf */,
			);
			name = NanumFont;
			sourceTree = "<group>";
		};
		849BE18419EB5B7C00A42C1C /* TimeEngine */ = {
			isa = PBXGroup;
			children = (
				849BE18519EB5B7C00A42C1C /* NSDate(Categories) */,
				849BE19719EB5B7C00A42C1C /* TimeEngine.h */,
				849BE19819EB5B7C00A42C1C /* TimeEngine.m */,
			);
			path = TimeEngine;
			sourceTree = "<group>";
		};
		849BE18519EB5B7C00A42C1C /* NSDate(Categories) */ = {
			isa = PBXGroup;
			children = (
				849BE18619EB5B7C00A42C1C /* NSDate+Calendar.h */,
				849BE18719EB5B7C00A42C1C /* NSDate+Compare.h */,
				849BE18819EB5B7C00A42C1C /* NSDate+Compare.m */,
				849BE18919EB5B7C00A42C1C /* NSDate+Components.h */,
				849BE18A19EB5B7C00A42C1C /* NSDate+Components.m */,
				849BE18B19EB5B7C00A42C1C /* NSDate+DateTime.h */,
				849BE18C19EB5B7C00A42C1C /* NSDate+DateTime.m */,
				849BE18D19EB5B7C00A42C1C /* NSDate+Day.h */,
				849BE18E19EB5B7C00A42C1C /* NSDate+Day.m */,
				849BE18F19EB5B7C00A42C1C /* NSDate+Month.h */,
				849BE19019EB5B7C00A42C1C /* NSDate+Month.m */,
				849BE19119EB5B7C00A42C1C /* NSDate+Time.h */,
				849BE19219EB5B7C00A42C1C /* NSDate+Time.m */,
				849BE19319EB5B7C00A42C1C /* NSDate+Week.h */,
				849BE19419EB5B7C00A42C1C /* NSDate+Week.m */,
				849BE19519EB5B7C00A42C1C /* NSDate+Year.h */,
				849BE19619EB5B7C00A42C1C /* NSDate+Year.m */,
			);
			path = "NSDate(Categories)";
			sourceTree = "<group>";
		};
		849BE1A919EB5B8C00A42C1C /* 메뉴 뷰 */ = {
			isa = PBXGroup;
			children = (
				849BE1AA19EB5B9400A42C1C /* MenuView.h */,
				849BE1AB19EB5B9400A42C1C /* MenuView.m */,
				849BE37419ECC62A00A42C1C /* MenuButton */,
				849BE1AD19EB5B9A00A42C1C /* MenuSettingView */,
			);
			name = "메뉴 뷰";
			sourceTree = "<group>";
		};
		849BE1AD19EB5B9A00A42C1C /* MenuSettingView */ = {
			isa = PBXGroup;
			children = (
				849BE1AE19EB5BA100A42C1C /* MenuSettingView.h */,
				849BE1AF19EB5BA100A42C1C /* MenuSettingView.m */,
			);
			name = MenuSettingView;
			sourceTree = "<group>";
		};
		849BE1B119EB5BA600A42C1C /* RoationController */ = {
			isa = PBXGroup;
			children = (
				849BE1B219EB5BAD00A42C1C /* RoationController.h */,
				849BE1B319EB5BAD00A42C1C /* RoationController.m */,
			);
			name = RoationController;
			sourceTree = "<group>";
		};
		849BE1B519EB5BB200A42C1C /* EffectLabel */ = {
			isa = PBXGroup;
			children = (
				849BE1B619EB5BBA00A42C1C /* UIEffectLabel.h */,
				849BE1B719EB5BBA00A42C1C /* UIEffectLabel.m */,
				849BE1B819EB5BBA00A42C1C /* FWLabelView.h */,
				849BE1B919EB5BBA00A42C1C /* FWLabelView.m */,
				849BE1BA19EB5BBA00A42C1C /* AMLabelView.h */,
				849BE1BB19EB5BBA00A42C1C /* AMLabelView.m */,
			);
			name = EffectLabel;
			sourceTree = "<group>";
		};
		849BE1BF19EB5BBF00A42C1C /* OptionController */ = {
			isa = PBXGroup;
			children = (
				849BE1C019EB5BC800A42C1C /* OptionController.h */,
				849BE1C119EB5BC800A42C1C /* OptionController.m */,
			);
			name = OptionController;
			sourceTree = "<group>";
		};
		849BE1C419EB664500A42C1C /* MainTouchView */ = {
			isa = PBXGroup;
			children = (
				849BE1C519EB665200A42C1C /* MainTouchView.h */,
				849BE1C619EB665200A42C1C /* MainTouchView.m */,
			);
			name = MainTouchView;
			sourceTree = "<group>";
		};
		849BE37419ECC62A00A42C1C /* MenuButton */ = {
			isa = PBXGroup;
			children = (
				849BE37519ECC63300A42C1C /* MenuButtonView.h */,
				849BE37619ECC63300A42C1C /* MenuButtonView.m */,
			);
			name = MenuButton;
			sourceTree = "<group>";
		};
/* End PBXGroup section */

/* Begin PBXNativeTarget section */
		849BE14B19EB5AF100A42C1C /* Yap_Hangul */ = {
			isa = PBXNativeTarget;
			buildConfigurationList = 849BE16F19EB5AF100A42C1C /* Build configuration list for PBXNativeTarget "Yap_Hangul" */;
			buildPhases = (
				849BE14819EB5AF100A42C1C /* Sources */,
				849BE14919EB5AF100A42C1C /* Frameworks */,
				849BE14A19EB5AF100A42C1C /* Resources */,
			);
			buildRules = (
			);
			dependencies = (
			);
			name = Yap_Hangul;
			productName = Yap_Hangul;
			productReference = 849BE14C19EB5AF100A42C1C /* Yap_Hangul5.app */;
			productType = "com.apple.product-type.application";
		};
		849BE16419EB5AF100A42C1C /* Yap_HangulTests */ = {
			isa = PBXNativeTarget;
			buildConfigurationList = 849BE17219EB5AF100A42C1C /* Build configuration list for PBXNativeTarget "Yap_HangulTests" */;
			buildPhases = (
				849BE16119EB5AF100A42C1C /* Sources */,
				849BE16219EB5AF100A42C1C /* Frameworks */,
				849BE16319EB5AF100A42C1C /* Resources */,
			);
			buildRules = (
			);
			dependencies = (
				849BE16719EB5AF100A42C1C /* PBXTargetDependency */,
			);
			name = Yap_HangulTests;
			productName = Yap_HangulTests;
			productReference = 849BE16519EB5AF100A42C1C /* Yap_HangulTests.xctest */;
			productType = "com.apple.product-type.bundle.unit-test";
		};
/* End PBXNativeTarget section */

/* Begin PBXProject section */
		849BE14419EB5AF100A42C1C /* Project object */ = {
			isa = PBXProject;
			attributes = {
				LastUpgradeCheck = 0600;
				ORGANIZATIONNAME = canapio;
				TargetAttributes = {
					849BE14B19EB5AF100A42C1C = {
						CreatedOnToolsVersion = 6.0.1;
						DevelopmentTeam = 5WXJ4Z4H69;
						SystemCapabilities = {
							com.apple.InAppPurchase = {
								enabled = 0;
							};
						};
					};
					849BE16419EB5AF100A42C1C = {
						CreatedOnToolsVersion = 6.0.1;
						TestTargetID = 849BE14B19EB5AF100A42C1C;
					};
				};
			};
			buildConfigurationList = 849BE14719EB5AF100A42C1C /* Build configuration list for PBXProject "Yap_Hangul" */;
			compatibilityVersion = "Xcode 3.2";
			developmentRegion = English;
			hasScannedForEncodings = 0;
			knownRegions = (
				en,
				Base,
			);
			mainGroup = 849BE14319EB5AF100A42C1C;
			productRefGroup = 849BE14D19EB5AF100A42C1C /* Products */;
			projectDirPath = "";
			projectRoot = "";
			targets = (
				849BE14B19EB5AF100A42C1C /* Yap_Hangul */,
				849BE16419EB5AF100A42C1C /* Yap_HangulTests */,
			);
		};
/* End PBXProject section */

/* Begin PBXResourcesBuildPhase section */
		849BE14A19EB5AF100A42C1C /* Resources */ = {
			isa = PBXResourcesBuildPhase;
			buildActionMask = 2147483647;
			files = (
				849BE15B19EB5AF100A42C1C /* Main.storyboard in Resources */,
				849BE16019EB5AF100A42C1C /* LaunchScreen.xib in Resources */,
				849BE15D19EB5AF100A42C1C /* Images.xcassets in Resources */,
				849BE19D19EB5B7C00A42C1C /* NanumGothicBold.otf in Resources */,
				849BE19C19EB5B7C00A42C1C /* NanumGothic.otf in Resources */,
				849BE19F19EB5B7C00A42C1C /* NanumGothicLight.otf in Resources */,
				849BE19E19EB5B7C00A42C1C /* NanumGothicExtraBold.otf in Resources */,
			);
			runOnlyForDeploymentPostprocessing = 0;
		};
		849BE16319EB5AF100A42C1C /* Resources */ = {
			isa = PBXResourcesBuildPhase;
			buildActionMask = 2147483647;
			files = (
			);
			runOnlyForDeploymentPostprocessing = 0;
		};
/* End PBXResourcesBuildPhase section */

/* Begin PBXSourcesBuildPhase section */
		849BE14819EB5AF100A42C1C /* Sources */ = {
			isa = PBXSourcesBuildPhase;
			buildActionMask = 2147483647;
			files = (
				849BE1A219EB5B7C00A42C1C /* NSDate+DateTime.m in Sources */,
				849BE19919EB5B7C00A42C1C /* easing.c in Sources */,
				849BE15819EB5AF100A42C1C /* MainViewController.m in Sources */,
				849BE1C719EB665200A42C1C /* MainTouchView.m in Sources */,
				849BE1A419EB5B7C00A42C1C /* NSDate+Month.m in Sources */,
				849BE1A019EB5B7C00A42C1C /* NSDate+Compare.m in Sources */,
				849BE1BE19EB5BBA00A42C1C /* AMLabelView.m in Sources */,
				849BE1AC19EB5B9400A42C1C /* MenuView.m in Sources */,
				849BE1A519EB5B7C00A42C1C /* NSDate+Time.m in Sources */,
				849BE1A819EB5B7C00A42C1C /* TimeEngine.m in Sources */,
				849BE19A19EB5B7C00A42C1C /* UIView+EasingFunctions.m in Sources */,
				849BE15519EB5AF100A42C1C /* AppDelegate.m in Sources */,
				849BE1BC19EB5BBA00A42C1C /* UIEffectLabel.m in Sources */,
				849BE15219EB5AF100A42C1C /* main.m in Sources */,
				849BE1A319EB5B7C00A42C1C /* NSDate+Day.m in Sources */,
				849BE1C219EB5BC800A42C1C /* OptionController.m in Sources */,
				849BE1B019EB5BA100A42C1C /* MenuSettingView.m in Sources */,
				849BE1A619EB5B7C00A42C1C /* NSDate+Week.m in Sources */,
				849BE1B419EB5BAD00A42C1C /* RoationController.m in Sources */,
				849BE1BD19EB5BBA00A42C1C /* FWLabelView.m in Sources */,
				849BE1A719EB5B7C00A42C1C /* NSDate+Year.m in Sources */,
				849BE1A119EB5B7C00A42C1C /* NSDate+Components.m in Sources */,
				849BE19B19EB5B7C00A42C1C /* HangulConverter.m in Sources */,
				849BE37719ECC63300A42C1C /* MenuButtonView.m in Sources */,
			);
			runOnlyForDeploymentPostprocessing = 0;
		};
		849BE16119EB5AF100A42C1C /* Sources */ = {
			isa = PBXSourcesBuildPhase;
			buildActionMask = 2147483647;
			files = (
				849BE16C19EB5AF100A42C1C /* Yap_HangulTests.m in Sources */,
				849BE1C819EB665200A42C1C /* MainTouchView.m in Sources */,
				849BE37819ECC63300A42C1C /* MenuButtonView.m in Sources */,
			);
			runOnlyForDeploymentPostprocessing = 0;
		};
/* End PBXSourcesBuildPhase section */

/* Begin PBXTargetDependency section */
		849BE16719EB5AF100A42C1C /* PBXTargetDependency */ = {
			isa = PBXTargetDependency;
			target = 849BE14B19EB5AF100A42C1C /* Yap_Hangul */;
			targetProxy = 849BE16619EB5AF100A42C1C /* PBXContainerItemProxy */;
		};
/* End PBXTargetDependency section */

/* Begin PBXVariantGroup section */
		849BE15919EB5AF100A42C1C /* Main.storyboard */ = {
			isa = PBXVariantGroup;
			children = (
				849BE15A19EB5AF100A42C1C /* Base */,
			);
			name = Main.storyboard;
			sourceTree = "<group>";
		};
		849BE15E19EB5AF100A42C1C /* LaunchScreen.xib */ = {
			isa = PBXVariantGroup;
			children = (
				849BE15F19EB5AF100A42C1C /* Base */,
			);
			name = LaunchScreen.xib;
			sourceTree = "<group>";
		};
/* End PBXVariantGroup section */

/* Begin XCBuildConfiguration section */
		849BE16D19EB5AF100A42C1C /* Debug */ = {
			isa = XCBuildConfiguration;
			buildSettings = {
				ALWAYS_SEARCH_USER_PATHS = NO;
				CLANG_CXX_LANGUAGE_STANDARD = "gnu++0x";
				CLANG_CXX_LIBRARY = "libc++";
				CLANG_ENABLE_MODULES = YES;
				CLANG_ENABLE_OBJC_ARC = YES;
				CLANG_WARN_BOOL_CONVERSION = YES;
				CLANG_WARN_CONSTANT_CONVERSION = YES;
				CLANG_WARN_DIRECT_OBJC_ISA_USAGE = YES_ERROR;
				CLANG_WARN_EMPTY_BODY = YES;
				CLANG_WARN_ENUM_CONVERSION = YES;
				CLANG_WARN_INT_CONVERSION = YES;
				CLANG_WARN_OBJC_ROOT_CLASS = YES_ERROR;
				CLANG_WARN_UNREACHABLE_CODE = YES;
				CLANG_WARN__DUPLICATE_METHOD_MATCH = YES;
				"CODE_SIGN_IDENTITY[sdk=iphoneos*]" = "iPhone Developer";
				COPY_PHASE_STRIP = NO;
				ENABLE_STRICT_OBJC_MSGSEND = YES;
				GCC_C_LANGUAGE_STANDARD = gnu99;
				GCC_DYNAMIC_NO_PIC = NO;
				GCC_OPTIMIZATION_LEVEL = 0;
				GCC_PREPROCESSOR_DEFINITIONS = (
					"DEBUG=1",
					"$(inherited)",
				);
				GCC_SYMBOLS_PRIVATE_EXTERN = NO;
				GCC_WARN_64_TO_32_BIT_CONVERSION = YES;
				GCC_WARN_ABOUT_RETURN_TYPE = YES_ERROR;
				GCC_WARN_UNDECLARED_SELECTOR = YES;
				GCC_WARN_UNINITIALIZED_AUTOS = YES_AGGRESSIVE;
				GCC_WARN_UNUSED_FUNCTION = YES;
				GCC_WARN_UNUSED_VARIABLE = YES;
				IPHONEOS_DEPLOYMENT_TARGET = 8.0;
				MTL_ENABLE_DEBUG_INFO = YES;
				ONLY_ACTIVE_ARCH = YES;
				SDKROOT = iphoneos;
				TARGETED_DEVICE_FAMILY = "1,2";
			};
			name = Debug;
		};
		849BE16E19EB5AF100A42C1C /* Release */ = {
			isa = XCBuildConfiguration;
			buildSettings = {
				ALWAYS_SEARCH_USER_PATHS = NO;
				CLANG_CXX_LANGUAGE_STANDARD = "gnu++0x";
				CLANG_CXX_LIBRARY = "libc++";
				CLANG_ENABLE_MODULES = YES;
				CLANG_ENABLE_OBJC_ARC = YES;
				CLANG_WARN_BOOL_CONVERSION = YES;
				CLANG_WARN_CONSTANT_CONVERSION = YES;
				CLANG_WARN_DIRECT_OBJC_ISA_USAGE = YES_ERROR;
				CLANG_WARN_EMPTY_BODY = YES;
				CLANG_WARN_ENUM_CONVERSION = YES;
				CLANG_WARN_INT_CONVERSION = YES;
				CLANG_WARN_OBJC_ROOT_CLASS = YES_ERROR;
				CLANG_WARN_UNREACHABLE_CODE = YES;
				CLANG_WARN__DUPLICATE_METHOD_MATCH = YES;
				"CODE_SIGN_IDENTITY[sdk=iphoneos*]" = "iPhone Developer";
				COPY_PHASE_STRIP = YES;
				ENABLE_NS_ASSERTIONS = NO;
				ENABLE_STRICT_OBJC_MSGSEND = YES;
				GCC_C_LANGUAGE_STANDARD = gnu99;
				GCC_WARN_64_TO_32_BIT_CONVERSION = YES;
				GCC_WARN_ABOUT_RETURN_TYPE = YES_ERROR;
				GCC_WARN_UNDECLARED_SELECTOR = YES;
				GCC_WARN_UNINITIALIZED_AUTOS = YES_AGGRESSIVE;
				GCC_WARN_UNUSED_FUNCTION = YES;
				GCC_WARN_UNUSED_VARIABLE = YES;
				IPHONEOS_DEPLOYMENT_TARGET = 8.0;
				MTL_ENABLE_DEBUG_INFO = NO;
				SDKROOT = iphoneos;
				TARGETED_DEVICE_FAMILY = "1,2";
				VALIDATE_PRODUCT = YES;
			};
			name = Release;
		};
		849BE17019EB5AF100A42C1C /* Debug */ = {
			isa = XCBuildConfiguration;
			buildSettings = {
				ASSETCATALOG_COMPILER_APPICON_NAME = AppIcon;
				ASSETCATALOG_COMPILER_LAUNCHIMAGE_NAME = LaunchImage;
				CODE_SIGN_IDENTITY = "iPhone Developer";
				"CODE_SIGN_IDENTITY[sdk=iphoneos*]" = "iPhone Developer";
				ENABLE_BITCODE = NO;
				GCC_PREFIX_HEADER = Yap_Hangul/Prefix.pch;
				INFOPLIST_FILE = Yap_Hangul/Info.plist;
				IPHONEOS_DEPLOYMENT_TARGET = 6.0;
				LD_RUNPATH_SEARCH_PATHS = "$(inherited) @executable_path/Frameworks";
				LIBRARY_SEARCH_PATHS = (
					"$(inherited)",
					"$(PROJECT_DIR)/Yap_Hangul/Extern/GoogleAnalytics",
				);
				PRODUCT_NAME = Yap_Hangul5;
				PROVISIONING_PROFILE = "";
				TARGETED_DEVICE_FAMILY = "1,2";
			};
			name = Debug;
		};
		849BE17119EB5AF100A42C1C /* Release */ = {
			isa = XCBuildConfiguration;
			buildSettings = {
				ASSETCATALOG_COMPILER_APPICON_NAME = AppIcon;
				ASSETCATALOG_COMPILER_LAUNCHIMAGE_NAME = LaunchImage;
				CODE_SIGN_IDENTITY = "iPhone Developer";
				"CODE_SIGN_IDENTITY[sdk=iphoneos*]" = "iPhone Developer";
				ENABLE_BITCODE = NO;
				GCC_PREFIX_HEADER = Yap_Hangul/Prefix.pch;
				INFOPLIST_FILE = Yap_Hangul/Info.plist;
				IPHONEOS_DEPLOYMENT_TARGET = 6.0;
				LD_RUNPATH_SEARCH_PATHS = "$(inherited) @executable_path/Frameworks";
				LIBRARY_SEARCH_PATHS = (
					"$(inherited)",
					"$(PROJECT_DIR)/Yap_Hangul/Extern/GoogleAnalytics",
				);
				PRODUCT_NAME = Yap_Hangul5;
				PROVISIONING_PROFILE = "";
				TARGETED_DEVICE_FAMILY = "1,2";
			};
			name = Release;
		};
		849BE17319EB5AF100A42C1C /* Debug */ = {
			isa = XCBuildConfiguration;
			buildSettings = {
				BUNDLE_LOADER = "$(TEST_HOST)";
				FRAMEWORK_SEARCH_PATHS = (
					"$(SDKROOT)/Developer/Library/Frameworks",
					"$(inherited)",
				);
				GCC_PREPROCESSOR_DEFINITIONS = (
					"DEBUG=1",
					"$(inherited)",
				);
				INFOPLIST_FILE = Yap_HangulTests/Info.plist;
				LD_RUNPATH_SEARCH_PATHS = "$(inherited) @executable_path/Frameworks @loader_path/Frameworks";
				PRODUCT_NAME = Yap_HangulTests;
				TEST_HOST = "$(BUILT_PRODUCTS_DIR)/Yap_Hangul5.app/Yap_Hangul5";
			};
			name = Debug;
		};
		849BE17419EB5AF100A42C1C /* Release */ = {
			isa = XCBuildConfiguration;
			buildSettings = {
				BUNDLE_LOADER = "$(TEST_HOST)";
				FRAMEWORK_SEARCH_PATHS = (
					"$(SDKROOT)/Developer/Library/Frameworks",
					"$(inherited)",
				);
				INFOPLIST_FILE = Yap_HangulTests/Info.plist;
				LD_RUNPATH_SEARCH_PATHS = "$(inherited) @executable_path/Frameworks @loader_path/Frameworks";
				PRODUCT_NAME = Yap_HangulTests;
				TEST_HOST = "$(BUILT_PRODUCTS_DIR)/Yap_Hangul5.app/Yap_Hangul5";
			};
			name = Release;
		};
/* End XCBuildConfiguration section */

/* Begin XCConfigurationList section */
		849BE14719EB5AF100A42C1C /* Build configuration list for PBXProject "Yap_Hangul" */ = {
			isa = XCConfigurationList;
			buildConfigurations = (
				849BE16D19EB5AF100A42C1C /* Debug */,
				849BE16E19EB5AF100A42C1C /* Release */,
			);
			defaultConfigurationIsVisible = 0;
			defaultConfigurationName = Release;
		};
		849BE16F19EB5AF100A42C1C /* Build configuration list for PBXNativeTarget "Yap_Hangul" */ = {
			isa = XCConfigurationList;
			buildConfigurations = (
				849BE17019EB5AF100A42C1C /* Debug */,
				849BE17119EB5AF100A42C1C /* Release */,
			);
			defaultConfigurationIsVisible = 0;
			defaultConfigurationName = Release;
		};
		849BE17219EB5AF100A42C1C /* Build configuration list for PBXNativeTarget "Yap_HangulTests" */ = {
			isa = XCConfigurationList;
			buildConfigurations = (
				849BE17319EB5AF100A42C1C /* Debug */,
				849BE17419EB5AF100A42C1C /* Release */,
			);
			defaultConfigurationIsVisible = 0;
			defaultConfigurationName = Release;
		};
/* End XCConfigurationList section */
	};
	rootObject = 849BE14419EB5AF100A42C1C /* Project object */;
}
